
Microsoft Visual Studio Solution File, Format Version 12.00
# Visual Studio 2012
Project("{FAE04EC0-301F-11D3-BF4B-00C04F79EFBC}") = "RentItServer UnitTests", "RentItServer UnitTests\RentItServer UnitTests.csproj", "{1B680BE5-0EEE-4453-9485-81DEDF120F59}"
EndProject
Project("{FAE04EC0-301F-11D3-BF4B-00C04F79EFBC}") = "RentItServer", "RentItServer\RentItServer.csproj", "{79D0AC5A-DC28-4424-AE0A-4593E4216B56}"
EndProject
Project("{FAE04EC0-301F-11D3-BF4B-00C04F79EFBC}") = "ConsoleApplication1", "ConsoleApplication1\ConsoleApplication1.csproj", "{F3B7BD72-13DF-4537-941F-7B6C9803E4B2}"
EndProject
Global
	GlobalSection(SolutionConfigurationPlatforms) = preSolution
		Debug|Any CPU = Debug|Any CPU
		Debug|Mixed Platforms = Debug|Mixed Platforms
		Debug|x86 = Debug|x86
		Release|Any CPU = Release|Any CPU
		Release|Mixed Platforms = Release|Mixed Platforms
		Release|x86 = Release|x86
	EndGlobalSection
	GlobalSection(ProjectConfigurationPlatforms) = postSolution
		{1B680BE5-0EEE-4453-9485-81DEDF120F59}.Debug|Any CPU.ActiveCfg = Debug|Any CPU
		{1B680BE5-0EEE-4453-9485-81DEDF120F59}.Debug|Any CPU.Build.0 = Debug|Any CPU
		{1B680BE5-0EEE-4453-9485-81DEDF120F59}.Debug|Mixed Platforms.ActiveCfg = Debug|Any CPU
		{1B680BE5-0EEE-4453-9485-81DEDF120F59}.Debug|Mixed Platforms.Build.0 = Debug|Any CPU
		{1B680BE5-0EEE-4453-9485-81DEDF120F59}.Debug|x86.ActiveCfg = Debug|Any CPU
		{1B680BE5-0EEE-4453-9485-81DEDF120F59}.Release|Any CPU.ActiveCfg = Release|Any CPU
		{1B680BE5-0EEE-4453-9485-81DEDF120F59}.Release|Any CPU.Build.0 = Release|Any CPU
		{1B680BE5-0EEE-4453-9485-81DEDF120F59}.Release|Mixed Platforms.ActiveCfg = Release|Any CPU
		{1B680BE5-0EEE-4453-9485-81DEDF120F59}.Release|Mixed Platforms.Build.0 = Release|Any CPU
		{1B680BE5-0EEE-4453-9485-81DEDF120F59}.Release|x86.ActiveCfg = Release|Any CPU
		{79D0AC5A-DC28-4424-AE0A-4593E4216B56}.Debug|Any CPU.ActiveCfg = Debug|Any CPU
		{79D0AC5A-DC28-4424-AE0A-4593E4216B56}.Debug|Any CPU.Build.0 = Debug|Any CPU
		{79D0AC5A-DC28-4424-AE0A-4593E4216B56}.Debug|Mixed Platforms.ActiveCfg = Debug|Any CPU
		{79D0AC5A-DC28-4424-AE0A-4593E4216B56}.Debug|Mixed Platforms.Build.0 = Debug|Any CPU
		{79D0AC5A-DC28-4424-AE0A-4593E4216B56}.Debug|x86.ActiveCfg = Debug|Any CPU
		{79D0AC5A-DC28-4424-AE0A-4593E4216B56}.Release|Any CPU.ActiveCfg = Release|Any CPU
		{79D0AC5A-DC28-4424-AE0A-4593E4216B56}.Release|Any CPU.Build.0 = Release|Any CPU
		{79D0AC5A-DC28-4424-AE0A-4593E4216B56}.Release|Mixed Platforms.ActiveCfg = Release|Any CPU
		{79D0AC5A-DC28-4424-AE0A-4593E4216B56}.Release|Mixed Platforms.Build.0 = Release|Any CPU
		{79D0AC5A-DC28-4424-AE0A-4593E4216B56}.Release|x86.ActiveCfg = Release|Any CPU
		{F3B7BD72-13DF-4537-941F-7B6C9803E4B2}.Debug|Any CPU.ActiveCfg = Debug|Any CPU
		{F3B7BD72-13DF-4537-941F-7B6C9803E4B2}.Debug|Any CPU.Build.0 = Debug|Any CPU
		{F3B7BD72-13DF-4537-941F-7B6C9803E4B2}.Debug|Mixed Platforms.ActiveCfg = Debug|Any CPU
		{F3B7BD72-13DF-4537-941F-7B6C9803E4B2}.Debug|Mixed Platforms.Build.0 = Debug|Any CPU
		{F3B7BD72-13DF-4537-941F-7B6C9803E4B2}.Debug|x86.ActiveCfg = Debug|Any CPU
		{F3B7BD72-13DF-4537-941F-7B6C9803E4B2}.Release|Any CPU.ActiveCfg = Release|Any CPU
		{F3B7BD72-13DF-4537-941F-7B6C9803E4B2}.Release|Any CPU.Build.0 = Release|Any CPU
		{F3B7BD72-13DF-4537-941F-7B6C9803E4B2}.Release|Mixed Platforms.ActiveCfg = Release|Any CPU
		{F3B7BD72-13DF-4537-941F-7B6C9803E4B2}.Release|Mixed Platforms.Build.0 = Release|Any CPU
		{F3B7BD72-13DF-4537-941F-7B6C9803E4B2}.Release|x86.ActiveCfg = Release|Any CPU
	EndGlobalSection
	GlobalSection(SolutionProperties) = preSolution
		HideSolutionNode = FALSE
	EndGlobalSection
EndGlobal
