
Microsoft Visual Studio Solution File, Format Version 12.00
# Visual Studio 2012
Project("{FAE04EC0-301F-11D3-BF4B-00C04F79EFBC}") = "RentItServer", "RentItServer\RentItServer.csproj", "{4611A5C8-7FFB-410D-8808-02BEC041C3EF}"
EndProject
Global
	GlobalSection(SolutionConfigurationPlatforms) = preSolution
		Debug|Any CPU = Debug|Any CPU
		Release|Any CPU = Release|Any CPU
	EndGlobalSection
	GlobalSection(ProjectConfigurationPlatforms) = postSolution
		{4611A5C8-7FFB-410D-8808-02BEC041C3EF}.Debug|Any CPU.ActiveCfg = Debug|x86
		{4611A5C8-7FFB-410D-8808-02BEC041C3EF}.Release|Any CPU.ActiveCfg = Release|x86
	EndGlobalSection
	GlobalSection(SolutionProperties) = preSolution
		HideSolutionNode = FALSE
	EndGlobalSection
EndGlobal
